// !$*UTF8*$!
{
	archiveVersion = 1;
	classes = {
	};
	objectVersion = 56;
	objects = {

/* Begin PBXBuildFile section */
		F70CE57729BB4A6F00D7133E /* ProfileViewEvents.swift in Sources */ = {isa = PBXBuildFile; fileRef = F70CE57629BB4A6F00D7133E /* ProfileViewEvents.swift */; };
		F7176C3E29A0D9160059340E /* User.swift in Sources */ = {isa = PBXBuildFile; fileRef = F7176C3D29A0D9160059340E /* User.swift */; };
		F7176C4329A0DA8B0059340E /* ProfilePresenter.swift in Sources */ = {isa = PBXBuildFile; fileRef = F7176C4229A0DA8B0059340E /* ProfilePresenter.swift */; };
		F7176C4629A0DA9C0059340E /* ProfileViewModel.swift in Sources */ = {isa = PBXBuildFile; fileRef = F7176C4529A0DA9C0059340E /* ProfileViewModel.swift */; };
		F7176C4829A0DB830059340E /* ProfileView.swift in Sources */ = {isa = PBXBuildFile; fileRef = F7176C4729A0DB830059340E /* ProfileView.swift */; };
		F7176C4B29A0DDBA0059340E /* UserService.swift in Sources */ = {isa = PBXBuildFile; fileRef = F7176C4A29A0DDBA0059340E /* UserService.swift */; };
		F7176C4D29A12D570059340E /* Story.swift in Sources */ = {isa = PBXBuildFile; fileRef = F7176C4C29A12D570059340E /* Story.swift */; };
		F719593329B22A090098610F /* StoriesEventHandler.swift in Sources */ = {isa = PBXBuildFile; fileRef = F719593229B22A090098610F /* StoriesEventHandler.swift */; };
		F719593529B241980098610F /* ProfileContext.swift in Sources */ = {isa = PBXBuildFile; fileRef = F719593429B241980098610F /* ProfileContext.swift */; };
		F77BADA029B7221E00F8A276 /* CollectionManager.swift in Sources */ = {isa = PBXBuildFile; fileRef = F77BAD9F29B7221E00F8A276 /* CollectionManager.swift */; };
		F77BADA229B73D6400F8A276 /* Collection.swift in Sources */ = {isa = PBXBuildFile; fileRef = F77BADA129B73D6400F8A276 /* Collection.swift */; };
		F77BADA529B7527E00F8A276 /* AddCollectionButtonStyle.swift in Sources */ = {isa = PBXBuildFile; fileRef = F77BADA429B7527D00F8A276 /* AddCollectionButtonStyle.swift */; };
		F7C8374E29A7AA4400E2A629 /* StoriesView.swift in Sources */ = {isa = PBXBuildFile; fileRef = F7C8374D29A7AA4400E2A629 /* StoriesView.swift */; };
		F7D946FD29AE371A003B1EC4 /* Color+Extension.swift in Sources */ = {isa = PBXBuildFile; fileRef = F7D946FC29AE371A003B1EC4 /* Color+Extension.swift */; };
		F7D9470229AE386F003B1EC4 /* StoriesPresenter.swift in Sources */ = {isa = PBXBuildFile; fileRef = F7D9470129AE386F003B1EC4 /* StoriesPresenter.swift */; };
		F7D9470429AE387A003B1EC4 /* StoriesViewModel.swift in Sources */ = {isa = PBXBuildFile; fileRef = F7D9470329AE387A003B1EC4 /* StoriesViewModel.swift */; };
		F7D9470629AE3CC1003B1EC4 /* StoriesContext.swift in Sources */ = {isa = PBXBuildFile; fileRef = F7D9470529AE3CC1003B1EC4 /* StoriesContext.swift */; };
		F7DDE99C299E75F4009C9E45 /* StellerStoriesApp.swift in Sources */ = {isa = PBXBuildFile; fileRef = F7DDE99B299E75F4009C9E45 /* StellerStoriesApp.swift */; };
		F7DDE99E299E75F4009C9E45 /* ContentView.swift in Sources */ = {isa = PBXBuildFile; fileRef = F7DDE99D299E75F4009C9E45 /* ContentView.swift */; };
		F7DDE9A0299E75F6009C9E45 /* Assets.xcassets in Resources */ = {isa = PBXBuildFile; fileRef = F7DDE99F299E75F6009C9E45 /* Assets.xcassets */; };
		F7DDE9A3299E75F6009C9E45 /* Preview Assets.xcassets in Resources */ = {isa = PBXBuildFile; fileRef = F7DDE9A2299E75F6009C9E45 /* Preview Assets.xcassets */; };
		F7DDE9AC299E765A009C9E45 /* NetworkService.swift in Sources */ = {isa = PBXBuildFile; fileRef = F7DDE9AB299E765A009C9E45 /* NetworkService.swift */; };
		F7DDE9B0299E796C009C9E45 /* UserDTO.swift in Sources */ = {isa = PBXBuildFile; fileRef = F7DDE9AF299E796C009C9E45 /* UserDTO.swift */; };
		F7DDE9B2299E7C50009C9E45 /* UserStoriesDTO.swift in Sources */ = {isa = PBXBuildFile; fileRef = F7DDE9B1299E7C50009C9E45 /* UserStoriesDTO.swift */; };
		F7DDE9B4299E80B3009C9E45 /* StoryDTO.swift in Sources */ = {isa = PBXBuildFile; fileRef = F7DDE9B3299E80B3009C9E45 /* StoryDTO.swift */; };
		F7E2F74229B5D04B007D32DF /* UserListContext.swift in Sources */ = {isa = PBXBuildFile; fileRef = F7E2F74129B5D04B007D32DF /* UserListContext.swift */; };
		F7E2F74429B61094007D32DF /* OffsetPreferenceKey.swift in Sources */ = {isa = PBXBuildFile; fileRef = F7E2F74329B61094007D32DF /* OffsetPreferenceKey.swift */; };
		F7E796FF29B0DBB400250083 /* Fonts.swift in Sources */ = {isa = PBXBuildFile; fileRef = F7E796FE29B0DBB400250083 /* Fonts.swift */; };
		F7E7970229B0DFCE00250083 /* UserListView.swift in Sources */ = {isa = PBXBuildFile; fileRef = F7E7970129B0DFCE00250083 /* UserListView.swift */; };
		F7E7970429B0DFD900250083 /* UserListViewModel.swift in Sources */ = {isa = PBXBuildFile; fileRef = F7E7970329B0DFD900250083 /* UserListViewModel.swift */; };
		F7E7970629B0DFE500250083 /* UserListPresenter.swift in Sources */ = {isa = PBXBuildFile; fileRef = F7E7970529B0DFE500250083 /* UserListPresenter.swift */; };
/* End PBXBuildFile section */

/* Begin PBXFileReference section */
		F70CE57629BB4A6F00D7133E /* ProfileViewEvents.swift */ = {isa = PBXFileReference; lastKnownFileType = sourcecode.swift; path = ProfileViewEvents.swift; sourceTree = "<group>"; };
		F7176C3D29A0D9160059340E /* User.swift */ = {isa = PBXFileReference; lastKnownFileType = sourcecode.swift; path = User.swift; sourceTree = "<group>"; };
		F7176C4229A0DA8B0059340E /* ProfilePresenter.swift */ = {isa = PBXFileReference; lastKnownFileType = sourcecode.swift; path = ProfilePresenter.swift; sourceTree = "<group>"; };
		F7176C4529A0DA9C0059340E /* ProfileViewModel.swift */ = {isa = PBXFileReference; lastKnownFileType = sourcecode.swift; path = ProfileViewModel.swift; sourceTree = "<group>"; };
		F7176C4729A0DB830059340E /* ProfileView.swift */ = {isa = PBXFileReference; lastKnownFileType = sourcecode.swift; path = ProfileView.swift; sourceTree = "<group>"; };
		F7176C4A29A0DDBA0059340E /* UserService.swift */ = {isa = PBXFileReference; lastKnownFileType = sourcecode.swift; path = UserService.swift; sourceTree = "<group>"; };
		F7176C4C29A12D570059340E /* Story.swift */ = {isa = PBXFileReference; lastKnownFileType = sourcecode.swift; path = Story.swift; sourceTree = "<group>"; };
		F719593229B22A090098610F /* StoriesEventHandler.swift */ = {isa = PBXFileReference; lastKnownFileType = sourcecode.swift; path = StoriesEventHandler.swift; sourceTree = "<group>"; };
		F719593429B241980098610F /* ProfileContext.swift */ = {isa = PBXFileReference; lastKnownFileType = sourcecode.swift; path = ProfileContext.swift; sourceTree = "<group>"; };
		F77BAD9F29B7221E00F8A276 /* CollectionManager.swift */ = {isa = PBXFileReference; lastKnownFileType = sourcecode.swift; path = CollectionManager.swift; sourceTree = "<group>"; };
		F77BADA129B73D6400F8A276 /* Collection.swift */ = {isa = PBXFileReference; lastKnownFileType = sourcecode.swift; path = Collection.swift; sourceTree = "<group>"; };
		F77BADA429B7527D00F8A276 /* AddCollectionButtonStyle.swift */ = {isa = PBXFileReference; lastKnownFileType = sourcecode.swift; path = AddCollectionButtonStyle.swift; sourceTree = "<group>"; };
		F7C8374D29A7AA4400E2A629 /* StoriesView.swift */ = {isa = PBXFileReference; lastKnownFileType = sourcecode.swift; name = StoriesView.swift; path = ../UserView/Views/StoriesView.swift; sourceTree = "<group>"; };
		F7D946FC29AE371A003B1EC4 /* Color+Extension.swift */ = {isa = PBXFileReference; lastKnownFileType = sourcecode.swift; path = "Color+Extension.swift"; sourceTree = "<group>"; };
		F7D9470129AE386F003B1EC4 /* StoriesPresenter.swift */ = {isa = PBXFileReference; lastKnownFileType = sourcecode.swift; path = StoriesPresenter.swift; sourceTree = "<group>"; };
		F7D9470329AE387A003B1EC4 /* StoriesViewModel.swift */ = {isa = PBXFileReference; lastKnownFileType = sourcecode.swift; path = StoriesViewModel.swift; sourceTree = "<group>"; };
		F7D9470529AE3CC1003B1EC4 /* StoriesContext.swift */ = {isa = PBXFileReference; lastKnownFileType = sourcecode.swift; path = StoriesContext.swift; sourceTree = "<group>"; };
		F7DDE998299E75F4009C9E45 /* StellerStories.app */ = {isa = PBXFileReference; explicitFileType = wrapper.application; includeInIndex = 0; path = StellerStories.app; sourceTree = BUILT_PRODUCTS_DIR; };
		F7DDE99B299E75F4009C9E45 /* StellerStoriesApp.swift */ = {isa = PBXFileReference; lastKnownFileType = sourcecode.swift; path = StellerStoriesApp.swift; sourceTree = "<group>"; };
		F7DDE99D299E75F4009C9E45 /* ContentView.swift */ = {isa = PBXFileReference; lastKnownFileType = sourcecode.swift; path = ContentView.swift; sourceTree = "<group>"; };
		F7DDE99F299E75F6009C9E45 /* Assets.xcassets */ = {isa = PBXFileReference; lastKnownFileType = folder.assetcatalog; path = Assets.xcassets; sourceTree = "<group>"; };
		F7DDE9A2299E75F6009C9E45 /* Preview Assets.xcassets */ = {isa = PBXFileReference; lastKnownFileType = folder.assetcatalog; path = "Preview Assets.xcassets"; sourceTree = "<group>"; };
		F7DDE9AB299E765A009C9E45 /* NetworkService.swift */ = {isa = PBXFileReference; lastKnownFileType = sourcecode.swift; path = NetworkService.swift; sourceTree = "<group>"; };
		F7DDE9AF299E796C009C9E45 /* UserDTO.swift */ = {isa = PBXFileReference; lastKnownFileType = sourcecode.swift; path = UserDTO.swift; sourceTree = "<group>"; };
		F7DDE9B1299E7C50009C9E45 /* UserStoriesDTO.swift */ = {isa = PBXFileReference; lastKnownFileType = sourcecode.swift; path = UserStoriesDTO.swift; sourceTree = "<group>"; };
		F7DDE9B3299E80B3009C9E45 /* StoryDTO.swift */ = {isa = PBXFileReference; lastKnownFileType = sourcecode.swift; path = StoryDTO.swift; sourceTree = "<group>"; };
		F7E2F74129B5D04B007D32DF /* UserListContext.swift */ = {isa = PBXFileReference; lastKnownFileType = sourcecode.swift; path = UserListContext.swift; sourceTree = "<group>"; };
		F7E2F74329B61094007D32DF /* OffsetPreferenceKey.swift */ = {isa = PBXFileReference; lastKnownFileType = sourcecode.swift; path = OffsetPreferenceKey.swift; sourceTree = "<group>"; };
		F7E796FE29B0DBB400250083 /* Fonts.swift */ = {isa = PBXFileReference; lastKnownFileType = sourcecode.swift; path = Fonts.swift; sourceTree = "<group>"; };
		F7E7970129B0DFCE00250083 /* UserListView.swift */ = {isa = PBXFileReference; lastKnownFileType = sourcecode.swift; path = UserListView.swift; sourceTree = "<group>"; };
		F7E7970329B0DFD900250083 /* UserListViewModel.swift */ = {isa = PBXFileReference; lastKnownFileType = sourcecode.swift; path = UserListViewModel.swift; sourceTree = "<group>"; };
		F7E7970529B0DFE500250083 /* UserListPresenter.swift */ = {isa = PBXFileReference; lastKnownFileType = sourcecode.swift; path = UserListPresenter.swift; sourceTree = "<group>"; };
/* End PBXFileReference section */

/* Begin PBXFrameworksBuildPhase section */
		F7DDE995299E75F4009C9E45 /* Frameworks */ = {
			isa = PBXFrameworksBuildPhase;
			buildActionMask = 2147483647;
			files = (
			);
			runOnlyForDeploymentPostprocessing = 0;
		};
/* End PBXFrameworksBuildPhase section */

/* Begin PBXGroup section */
		F7176C3C29A0D8E20059340E /* Models */ = {
			isa = PBXGroup;
			children = (
				F7176C3D29A0D9160059340E /* User.swift */,
				F7176C4C29A12D570059340E /* Story.swift */,
				F77BADA129B73D6400F8A276 /* Collection.swift */,
			);
			path = Models;
			sourceTree = "<group>";
		};
		F7176C3F29A0DA680059340E /* UserView */ = {
			isa = PBXGroup;
			children = (
				F7176C4729A0DB830059340E /* ProfileView.swift */,
				F7176C4229A0DA8B0059340E /* ProfilePresenter.swift */,
				F7176C4529A0DA9C0059340E /* ProfileViewModel.swift */,
				F719593429B241980098610F /* ProfileContext.swift */,
				F70CE57629BB4A6F00D7133E /* ProfileViewEvents.swift */,
			);
			path = UserView;
			sourceTree = "<group>";
		};
		F7176C4929A0DDA70059340E /* UserService */ = {
			isa = PBXGroup;
			children = (
				F7176C4A29A0DDBA0059340E /* UserService.swift */,
			);
			path = UserService;
			sourceTree = "<group>";
		};
		F77BAD9E29B7220200F8A276 /* CollectionManager */ = {
			isa = PBXGroup;
			children = (
				F77BAD9F29B7221E00F8A276 /* CollectionManager.swift */,
			);
			path = CollectionManager;
			sourceTree = "<group>";
		};
		F77BADA329B7526800F8A276 /* ButtonStyles */ = {
			isa = PBXGroup;
			children = (
				F77BADA429B7527D00F8A276 /* AddCollectionButtonStyle.swift */,
			);
			path = ButtonStyles;
			sourceTree = "<group>";
		};
		F7D946FA29AE3704003B1EC4 /* UI */ = {
			isa = PBXGroup;
			children = (
				F7E796FE29B0DBB400250083 /* Fonts.swift */,
				F7D946FB29AE370A003B1EC4 /* Extensions */,
			);
			path = UI;
			sourceTree = "<group>";
		};
		F7D946FB29AE370A003B1EC4 /* Extensions */ = {
			isa = PBXGroup;
			children = (
				F7D946FC29AE371A003B1EC4 /* Color+Extension.swift */,
			);
			path = Extensions;
			sourceTree = "<group>";
		};
		F7D9470029AE3845003B1EC4 /* StoriesView */ = {
			isa = PBXGroup;
			children = (
				F7C8374D29A7AA4400E2A629 /* StoriesView.swift */,
				F7D9470129AE386F003B1EC4 /* StoriesPresenter.swift */,
				F7D9470329AE387A003B1EC4 /* StoriesViewModel.swift */,
				F7D9470529AE3CC1003B1EC4 /* StoriesContext.swift */,
				F719593229B22A090098610F /* StoriesEventHandler.swift */,
			);
			path = StoriesView;
			sourceTree = "<group>";
		};
		F7DDE98F299E75F4009C9E45 = {
			isa = PBXGroup;
			children = (
				F7DDE99A299E75F4009C9E45 /* StellerStories */,
				F7DDE999299E75F4009C9E45 /* Products */,
			);
			sourceTree = "<group>";
		};
		F7DDE999299E75F4009C9E45 /* Products */ = {
			isa = PBXGroup;
			children = (
				F7DDE998299E75F4009C9E45 /* StellerStories.app */,
			);
			name = Products;
			sourceTree = "<group>";
		};
		F7DDE99A299E75F4009C9E45 /* StellerStories */ = {
			isa = PBXGroup;
			children = (
				F7DDE9A9299E7628009C9E45 /* Main */,
				F7DDE9AA299E7638009C9E45 /* Data */,
				F7176C3C29A0D8E20059340E /* Models */,
				F7D946FA29AE3704003B1EC4 /* UI */,
				F77BADA329B7526800F8A276 /* ButtonStyles */,
				F7DDE9B5299E81DB009C9E45 /* Views */,
				F7DDE99F299E75F6009C9E45 /* Assets.xcassets */,
				F7DDE9A1299E75F6009C9E45 /* Preview Content */,
			);
			path = StellerStories;
			sourceTree = "<group>";
		};
		F7DDE9A1299E75F6009C9E45 /* Preview Content */ = {
			isa = PBXGroup;
			children = (
				F7DDE9A2299E75F6009C9E45 /* Preview Assets.xcassets */,
			);
			path = "Preview Content";
			sourceTree = "<group>";
		};
		F7DDE9A9299E7628009C9E45 /* Main */ = {
			isa = PBXGroup;
			children = (
				F7DDE99B299E75F4009C9E45 /* StellerStoriesApp.swift */,
				F7DDE99D299E75F4009C9E45 /* ContentView.swift */,
			);
			path = Main;
			sourceTree = "<group>";
		};
		F7DDE9AA299E7638009C9E45 /* Data */ = {
			isa = PBXGroup;
			children = (
				F7E2F74329B61094007D32DF /* OffsetPreferenceKey.swift */,
				F7DDE9AD299E7663009C9E45 /* NetworkService */,
				F7176C4929A0DDA70059340E /* UserService */,
				F77BAD9E29B7220200F8A276 /* CollectionManager */,
				F7DDE9AE299E794C009C9E45 /* DTO */,
			);
			path = Data;
			sourceTree = "<group>";
		};
		F7DDE9AD299E7663009C9E45 /* NetworkService */ = {
			isa = PBXGroup;
			children = (
				F7DDE9AB299E765A009C9E45 /* NetworkService.swift */,
			);
			path = NetworkService;
			sourceTree = "<group>";
		};
		F7DDE9AE299E794C009C9E45 /* DTO */ = {
			isa = PBXGroup;
			children = (
				F7DDE9AF299E796C009C9E45 /* UserDTO.swift */,
				F7DDE9B1299E7C50009C9E45 /* UserStoriesDTO.swift */,
				F7DDE9B3299E80B3009C9E45 /* StoryDTO.swift */,
			);
			path = DTO;
			sourceTree = "<group>";
		};
		F7DDE9B5299E81DB009C9E45 /* Views */ = {
			isa = PBXGroup;
			children = (
				F7E7970029B0DFC000250083 /* UserList */,
				F7176C3F29A0DA680059340E /* UserView */,
				F7D9470029AE3845003B1EC4 /* StoriesView */,
			);
			path = Views;
			sourceTree = "<group>";
		};
		F7E7970029B0DFC000250083 /* UserList */ = {
			isa = PBXGroup;
			children = (
				F7E7970129B0DFCE00250083 /* UserListView.swift */,
				F7E7970529B0DFE500250083 /* UserListPresenter.swift */,
				F7E7970329B0DFD900250083 /* UserListViewModel.swift */,
				F7E2F74129B5D04B007D32DF /* UserListContext.swift */,
			);
			path = UserList;
			sourceTree = "<group>";
		};
/* End PBXGroup section */

/* Begin PBXNativeTarget section */
		F7DDE997299E75F4009C9E45 /* StellerStories */ = {
			isa = PBXNativeTarget;
			buildConfigurationList = F7DDE9A6299E75F6009C9E45 /* Build configuration list for PBXNativeTarget "StellerStories" */;
			buildPhases = (
				F7DDE994299E75F4009C9E45 /* Sources */,
				F7DDE995299E75F4009C9E45 /* Frameworks */,
				F7DDE996299E75F4009C9E45 /* Resources */,
			);
			buildRules = (
			);
			dependencies = (
			);
			name = StellerStories;
			productName = StellerStories;
			productReference = F7DDE998299E75F4009C9E45 /* StellerStories.app */;
			productType = "com.apple.product-type.application";
		};
/* End PBXNativeTarget section */

/* Begin PBXProject section */
		F7DDE990299E75F4009C9E45 /* Project object */ = {
			isa = PBXProject;
			attributes = {
				BuildIndependentTargetsInParallel = 1;
				LastSwiftUpdateCheck = 1420;
				LastUpgradeCheck = 1420;
				TargetAttributes = {
					F7DDE997299E75F4009C9E45 = {
						CreatedOnToolsVersion = 14.2;
					};
				};
			};
			buildConfigurationList = F7DDE993299E75F4009C9E45 /* Build configuration list for PBXProject "StellerStories" */;
			compatibilityVersion = "Xcode 14.0";
			developmentRegion = en;
			hasScannedForEncodings = 0;
			knownRegions = (
				en,
				Base,
			);
			mainGroup = F7DDE98F299E75F4009C9E45;
			productRefGroup = F7DDE999299E75F4009C9E45 /* Products */;
			projectDirPath = "";
			projectRoot = "";
			targets = (
				F7DDE997299E75F4009C9E45 /* StellerStories */,
			);
		};
/* End PBXProject section */

/* Begin PBXResourcesBuildPhase section */
		F7DDE996299E75F4009C9E45 /* Resources */ = {
			isa = PBXResourcesBuildPhase;
			buildActionMask = 2147483647;
			files = (
				F7DDE9A3299E75F6009C9E45 /* Preview Assets.xcassets in Resources */,
				F7DDE9A0299E75F6009C9E45 /* Assets.xcassets in Resources */,
			);
			runOnlyForDeploymentPostprocessing = 0;
		};
/* End PBXResourcesBuildPhase section */

/* Begin PBXSourcesBuildPhase section */
		F7DDE994299E75F4009C9E45 /* Sources */ = {
			isa = PBXSourcesBuildPhase;
			buildActionMask = 2147483647;
			files = (
				F7D9470229AE386F003B1EC4 /* StoriesPresenter.swift in Sources */,
				F719593329B22A090098610F /* StoriesEventHandler.swift in Sources */,
				F7C8374E29A7AA4400E2A629 /* StoriesView.swift in Sources */,
				F7E7970229B0DFCE00250083 /* UserListView.swift in Sources */,
				F7D946FD29AE371A003B1EC4 /* Color+Extension.swift in Sources */,
				F7DDE99E299E75F4009C9E45 /* ContentView.swift in Sources */,
				F7D9470629AE3CC1003B1EC4 /* StoriesContext.swift in Sources */,
				F7DDE99C299E75F4009C9E45 /* StellerStoriesApp.swift in Sources */,
				F7DDE9B0299E796C009C9E45 /* UserDTO.swift in Sources */,
				F7D9470429AE387A003B1EC4 /* StoriesViewModel.swift in Sources */,
				F719593529B241980098610F /* ProfileContext.swift in Sources */,
				F7176C4629A0DA9C0059340E /* ProfileViewModel.swift in Sources */,
				F7E7970429B0DFD900250083 /* UserListViewModel.swift in Sources */,
				F77BADA029B7221E00F8A276 /* CollectionManager.swift in Sources */,
				F77BADA229B73D6400F8A276 /* Collection.swift in Sources */,
				F77BADA529B7527E00F8A276 /* AddCollectionButtonStyle.swift in Sources */,
				F7176C4329A0DA8B0059340E /* ProfilePresenter.swift in Sources */,
				F70CE57729BB4A6F00D7133E /* ProfileViewEvents.swift in Sources */,
				F7DDE9B4299E80B3009C9E45 /* StoryDTO.swift in Sources */,
				F7E2F74429B61094007D32DF /* OffsetPreferenceKey.swift in Sources */,
				F7176C4B29A0DDBA0059340E /* UserService.swift in Sources */,
				F7E2F74229B5D04B007D32DF /* UserListContext.swift in Sources */,
				F7DDE9AC299E765A009C9E45 /* NetworkService.swift in Sources */,
				F7176C4829A0DB830059340E /* ProfileView.swift in Sources */,
				F7E7970629B0DFE500250083 /* UserListPresenter.swift in Sources */,
				F7DDE9B2299E7C50009C9E45 /* UserStoriesDTO.swift in Sources */,
				F7176C3E29A0D9160059340E /* User.swift in Sources */,
				F7E796FF29B0DBB400250083 /* Fonts.swift in Sources */,
				F7176C4D29A12D570059340E /* Story.swift in Sources */,
			);
			runOnlyForDeploymentPostprocessing = 0;
		};
/* End PBXSourcesBuildPhase section */

/* Begin XCBuildConfiguration section */
		F7DDE9A4299E75F6009C9E45 /* Debug */ = {
			isa = XCBuildConfiguration;
			buildSettings = {
				ALWAYS_SEARCH_USER_PATHS = NO;
				CLANG_ANALYZER_NONNULL = YES;
				CLANG_ANALYZER_NUMBER_OBJECT_CONVERSION = YES_AGGRESSIVE;
				CLANG_CXX_LANGUAGE_STANDARD = "gnu++20";
				CLANG_ENABLE_MODULES = YES;
				CLANG_ENABLE_OBJC_ARC = YES;
				CLANG_ENABLE_OBJC_WEAK = YES;
				CLANG_WARN_BLOCK_CAPTURE_AUTORELEASING = YES;
				CLANG_WARN_BOOL_CONVERSION = YES;
				CLANG_WARN_COMMA = YES;
				CLANG_WARN_CONSTANT_CONVERSION = YES;
				CLANG_WARN_DEPRECATED_OBJC_IMPLEMENTATIONS = YES;
				CLANG_WARN_DIRECT_OBJC_ISA_USAGE = YES_ERROR;
				CLANG_WARN_DOCUMENTATION_COMMENTS = YES;
				CLANG_WARN_EMPTY_BODY = YES;
				CLANG_WARN_ENUM_CONVERSION = YES;
				CLANG_WARN_INFINITE_RECURSION = YES;
				CLANG_WARN_INT_CONVERSION = YES;
				CLANG_WARN_NON_LITERAL_NULL_CONVERSION = YES;
				CLANG_WARN_OBJC_IMPLICIT_RETAIN_SELF = YES;
				CLANG_WARN_OBJC_LITERAL_CONVERSION = YES;
				CLANG_WARN_OBJC_ROOT_CLASS = YES_ERROR;
				CLANG_WARN_QUOTED_INCLUDE_IN_FRAMEWORK_HEADER = YES;
				CLANG_WARN_RANGE_LOOP_ANALYSIS = YES;
				CLANG_WARN_STRICT_PROTOTYPES = YES;
				CLANG_WARN_SUSPICIOUS_MOVE = YES;
				CLANG_WARN_UNGUARDED_AVAILABILITY = YES_AGGRESSIVE;
				CLANG_WARN_UNREACHABLE_CODE = YES;
				CLANG_WARN__DUPLICATE_METHOD_MATCH = YES;
				COPY_PHASE_STRIP = NO;
				DEBUG_INFORMATION_FORMAT = dwarf;
				ENABLE_STRICT_OBJC_MSGSEND = YES;
				ENABLE_TESTABILITY = YES;
				GCC_C_LANGUAGE_STANDARD = gnu11;
				GCC_DYNAMIC_NO_PIC = NO;
				GCC_NO_COMMON_BLOCKS = YES;
				GCC_OPTIMIZATION_LEVEL = 0;
				GCC_PREPROCESSOR_DEFINITIONS = (
					"DEBUG=1",
					"$(inherited)",
				);
				GCC_WARN_64_TO_32_BIT_CONVERSION = YES;
				GCC_WARN_ABOUT_RETURN_TYPE = YES_ERROR;
				GCC_WARN_UNDECLARED_SELECTOR = YES;
				GCC_WARN_UNINITIALIZED_AUTOS = YES_AGGRESSIVE;
				GCC_WARN_UNUSED_FUNCTION = YES;
				GCC_WARN_UNUSED_VARIABLE = YES;
				IPHONEOS_DEPLOYMENT_TARGET = 16.2;
				MTL_ENABLE_DEBUG_INFO = INCLUDE_SOURCE;
				MTL_FAST_MATH = YES;
				ONLY_ACTIVE_ARCH = YES;
				SDKROOT = iphoneos;
				SWIFT_ACTIVE_COMPILATION_CONDITIONS = DEBUG;
				SWIFT_OPTIMIZATION_LEVEL = "-Onone";
			};
			name = Debug;
		};
		F7DDE9A5299E75F6009C9E45 /* Release */ = {
			isa = XCBuildConfiguration;
			buildSettings = {
				ALWAYS_SEARCH_USER_PATHS = NO;
				CLANG_ANALYZER_NONNULL = YES;
				CLANG_ANALYZER_NUMBER_OBJECT_CONVERSION = YES_AGGRESSIVE;
				CLANG_CXX_LANGUAGE_STANDARD = "gnu++20";
				CLANG_ENABLE_MODULES = YES;
				CLANG_ENABLE_OBJC_ARC = YES;
				CLANG_ENABLE_OBJC_WEAK = YES;
				CLANG_WARN_BLOCK_CAPTURE_AUTORELEASING = YES;
				CLANG_WARN_BOOL_CONVERSION = YES;
				CLANG_WARN_COMMA = YES;
				CLANG_WARN_CONSTANT_CONVERSION = YES;
				CLANG_WARN_DEPRECATED_OBJC_IMPLEMENTATIONS = YES;
				CLANG_WARN_DIRECT_OBJC_ISA_USAGE = YES_ERROR;
				CLANG_WARN_DOCUMENTATION_COMMENTS = YES;
				CLANG_WARN_EMPTY_BODY = YES;
				CLANG_WARN_ENUM_CONVERSION = YES;
				CLANG_WARN_INFINITE_RECURSION = YES;
				CLANG_WARN_INT_CONVERSION = YES;
				CLANG_WARN_NON_LITERAL_NULL_CONVERSION = YES;
				CLANG_WARN_OBJC_IMPLICIT_RETAIN_SELF = YES;
				CLANG_WARN_OBJC_LITERAL_CONVERSION = YES;
				CLANG_WARN_OBJC_ROOT_CLASS = YES_ERROR;
				CLANG_WARN_QUOTED_INCLUDE_IN_FRAMEWORK_HEADER = YES;
				CLANG_WARN_RANGE_LOOP_ANALYSIS = YES;
				CLANG_WARN_STRICT_PROTOTYPES = YES;
				CLANG_WARN_SUSPICIOUS_MOVE = YES;
				CLANG_WARN_UNGUARDED_AVAILABILITY = YES_AGGRESSIVE;
				CLANG_WARN_UNREACHABLE_CODE = YES;
				CLANG_WARN__DUPLICATE_METHOD_MATCH = YES;
				COPY_PHASE_STRIP = NO;
				DEBUG_INFORMATION_FORMAT = "dwarf-with-dsym";
				ENABLE_NS_ASSERTIONS = NO;
				ENABLE_STRICT_OBJC_MSGSEND = YES;
				GCC_C_LANGUAGE_STANDARD = gnu11;
				GCC_NO_COMMON_BLOCKS = YES;
				GCC_WARN_64_TO_32_BIT_CONVERSION = YES;
				GCC_WARN_ABOUT_RETURN_TYPE = YES_ERROR;
				GCC_WARN_UNDECLARED_SELECTOR = YES;
				GCC_WARN_UNINITIALIZED_AUTOS = YES_AGGRESSIVE;
				GCC_WARN_UNUSED_FUNCTION = YES;
				GCC_WARN_UNUSED_VARIABLE = YES;
				IPHONEOS_DEPLOYMENT_TARGET = 16.2;
				MTL_ENABLE_DEBUG_INFO = NO;
				MTL_FAST_MATH = YES;
				SDKROOT = iphoneos;
				SWIFT_COMPILATION_MODE = wholemodule;
				SWIFT_OPTIMIZATION_LEVEL = "-O";
				VALIDATE_PRODUCT = YES;
			};
			name = Release;
		};
		F7DDE9A7299E75F6009C9E45 /* Debug */ = {
			isa = XCBuildConfiguration;
			buildSettings = {
				ASSETCATALOG_COMPILER_APPICON_NAME = AppIcon;
				ASSETCATALOG_COMPILER_GLOBAL_ACCENT_COLOR_NAME = AccentColor;
				CODE_SIGN_STYLE = Automatic;
				CURRENT_PROJECT_VERSION = 1;
				DEVELOPMENT_ASSET_PATHS = "\"StellerStories/Preview Content\"";
				DEVELOPMENT_TEAM = F8K3NNJ85M;
				ENABLE_PREVIEWS = YES;
				GENERATE_INFOPLIST_FILE = YES;
				INFOPLIST_KEY_UIApplicationSceneManifest_Generation = YES;
				INFOPLIST_KEY_UIApplicationSupportsIndirectInputEvents = YES;
				INFOPLIST_KEY_UILaunchScreen_Generation = YES;
				INFOPLIST_KEY_UISupportedInterfaceOrientations_iPad = "UIInterfaceOrientationPortrait UIInterfaceOrientationPortraitUpsideDown UIInterfaceOrientationLandscapeLeft UIInterfaceOrientationLandscapeRight";
				INFOPLIST_KEY_UISupportedInterfaceOrientations_iPhone = "UIInterfaceOrientationPortrait UIInterfaceOrientationLandscapeLeft UIInterfaceOrientationLandscapeRight";
				LD_RUNPATH_SEARCH_PATHS = (
					"$(inherited)",
					"@executable_path/Frameworks",
				);
				MARKETING_VERSION = 1.0;
				PRODUCT_BUNDLE_IDENTIFIER = MiroslavBorek.StellerStories;
				PRODUCT_NAME = "$(TARGET_NAME)";
				SWIFT_EMIT_LOC_STRINGS = YES;
				SWIFT_VERSION = 5.0;
				TARGETED_DEVICE_FAMILY = "1,2";
			};
			name = Debug;
		};
		F7DDE9A8299E75F6009C9E45 /* Release */ = {
			isa = XCBuildConfiguration;
			buildSettings = {
				ASSETCATALOG_COMPILER_APPICON_NAME = AppIcon;
				ASSETCATALOG_COMPILER_GLOBAL_ACCENT_COLOR_NAME = AccentColor;
				CODE_SIGN_STYLE = Automatic;
				CURRENT_PROJECT_VERSION = 1;
				DEVELOPMENT_ASSET_PATHS = "\"StellerStories/Preview Content\"";
				DEVELOPMENT_TEAM = F8K3NNJ85M;
				ENABLE_PREVIEWS = YES;
				GENERATE_INFOPLIST_FILE = YES;
				INFOPLIST_KEY_UIApplicationSceneManifest_Generation = YES;
				INFOPLIST_KEY_UIApplicationSupportsIndirectInputEvents = YES;
				INFOPLIST_KEY_UILaunchScreen_Generation = YES;
				INFOPLIST_KEY_UISupportedInterfaceOrientations_iPad = "UIInterfaceOrientationPortrait UIInterfaceOrientationPortraitUpsideDown UIInterfaceOrientationLandscapeLeft UIInterfaceOrientationLandscapeRight";
				INFOPLIST_KEY_UISupportedInterfaceOrientations_iPhone = "UIInterfaceOrientationPortrait UIInterfaceOrientationLandscapeLeft UIInterfaceOrientationLandscapeRight";
				LD_RUNPATH_SEARCH_PATHS = (
					"$(inherited)",
					"@executable_path/Frameworks",
				);
				MARKETING_VERSION = 1.0;
				PRODUCT_BUNDLE_IDENTIFIER = MiroslavBorek.StellerStories;
				PRODUCT_NAME = "$(TARGET_NAME)";
				SWIFT_EMIT_LOC_STRINGS = YES;
				SWIFT_VERSION = 5.0;
				TARGETED_DEVICE_FAMILY = "1,2";
			};
			name = Release;
		};
/* End XCBuildConfiguration section */

/* Begin XCConfigurationList section */
		F7DDE993299E75F4009C9E45 /* Build configuration list for PBXProject "StellerStories" */ = {
			isa = XCConfigurationList;
			buildConfigurations = (
				F7DDE9A4299E75F6009C9E45 /* Debug */,
				F7DDE9A5299E75F6009C9E45 /* Release */,
			);
			defaultConfigurationIsVisible = 0;
			defaultConfigurationName = Release;
		};
		F7DDE9A6299E75F6009C9E45 /* Build configuration list for PBXNativeTarget "StellerStories" */ = {
			isa = XCConfigurationList;
			buildConfigurations = (
				F7DDE9A7299E75F6009C9E45 /* Debug */,
				F7DDE9A8299E75F6009C9E45 /* Release */,
			);
			defaultConfigurationIsVisible = 0;
			defaultConfigurationName = Release;
		};
/* End XCConfigurationList section */
	};
	rootObject = F7DDE990299E75F4009C9E45 /* Project object */;
}
